
Microsoft Visual Studio Solution File, Format Version 12.00
# Visual Studio 15
VisualStudioVersion = 15.0.34112.143
MinimumVisualStudioVersion = 10.0.40219.1
Project("{FAE04EC0-301F-11D3-BF4B-00C04F79EFBC}") = "CustomerAPI_LM", "CustomerAPI_LM\CustomerAPI_LM.csproj", "{038DC7EE-9688-41D8-829E-ABB4DB53FD0A}"
EndProject
Project("{FAE04EC0-301F-11D3-BF4B-00C04F79EFBC}") = "CustomerAPITests", "CustomerAPITests\CustomerAPITests.csproj", "{D5B5409B-98B1-42F4-96BE-254431F991A6}"
EndProject
Global
	GlobalSection(SolutionConfigurationPlatforms) = preSolution
		Debug|Any CPU = Debug|Any CPU
		Release|Any CPU = Release|Any CPU
	EndGlobalSection
	GlobalSection(ProjectConfigurationPlatforms) = postSolution
		{038DC7EE-9688-41D8-829E-ABB4DB53FD0A}.Debug|Any CPU.ActiveCfg = Debug|Any CPU
		{038DC7EE-9688-41D8-829E-ABB4DB53FD0A}.Debug|Any CPU.Build.0 = Debug|Any CPU
		{038DC7EE-9688-41D8-829E-ABB4DB53FD0A}.Release|Any CPU.ActiveCfg = Release|Any CPU
		{038DC7EE-9688-41D8-829E-ABB4DB53FD0A}.Release|Any CPU.Build.0 = Release|Any CPU
		{D5B5409B-98B1-42F4-96BE-254431F991A6}.Debug|Any CPU.ActiveCfg = Debug|Any CPU
		{D5B5409B-98B1-42F4-96BE-254431F991A6}.Debug|Any CPU.Build.0 = Debug|Any CPU
		{D5B5409B-98B1-42F4-96BE-254431F991A6}.Release|Any CPU.ActiveCfg = Release|Any CPU
		{D5B5409B-98B1-42F4-96BE-254431F991A6}.Release|Any CPU.Build.0 = Release|Any CPU
	EndGlobalSection
	GlobalSection(SolutionProperties) = preSolution
		HideSolutionNode = FALSE
	EndGlobalSection
	GlobalSection(ExtensibilityGlobals) = postSolution
		SolutionGuid = {EE28E142-1CD0-4551-889C-26B239FCFFB7}
	EndGlobalSection
EndGlobal
